
Microsoft Visual Studio Solution File, Format Version 12.00
Project("{FAE04EC0-301F-11D3-BF4B-00C04F79EFBC}") = "JiraDashboard", "JiraDashboard.csproj", "{7810E05F-6567-4A83-A1CA-50B0BD0EEF80}"
EndProject
Project("{2150E333-8FDC-42A3-9474-1A3956D46DE8}") = "Solution Items", "Solution Items", "{08236615-EF43-498B-A44D-0A85F4745E36}"
	ProjectSection(SolutionItems) = preProject
		compose.yaml = compose.yaml
	EndProjectSection
EndProject
Global
	GlobalSection(SolutionConfigurationPlatforms) = preSolution
		Debug|Any CPU = Debug|Any CPU
		Release|Any CPU = Release|Any CPU
	EndGlobalSection
	GlobalSection(ProjectConfigurationPlatforms) = postSolution
		{7810E05F-6567-4A83-A1CA-50B0BD0EEF80}.Debug|Any CPU.ActiveCfg = Debug|Any CPU
		{7810E05F-6567-4A83-A1CA-50B0BD0EEF80}.Debug|Any CPU.Build.0 = Debug|Any CPU
		{7810E05F-6567-4A83-A1CA-50B0BD0EEF80}.Release|Any CPU.ActiveCfg = Release|Any CPU
		{7810E05F-6567-4A83-A1CA-50B0BD0EEF80}.Release|Any CPU.Build.0 = Release|Any CPU
	EndGlobalSection
EndGlobal
